
Microsoft Visual Studio Solution File, Format Version 12.00
# Visual Studio 2013
Project("{FAE04EC0-301F-11D3-BF4B-00C04F79EFBC}") = "UnityVS.Tower.CSharp", "UnityVS.Tower.CSharp.csproj", "{F6463417-47D8-FF05-6BD3-D67B6D729994}"
EndProject
Project("{FAE04EC0-301F-11D3-BF4B-00C04F79EFBC}") = "UnityVS.Tower.CSharp.Editor", "UnityVS.Tower.CSharp.Editor.csproj", "{A3DA67B7-32E5-0C67-B84E-1F4045B3CA11}"
EndProject
Global
	GlobalSection(SolutionConfigurationPlatforms) = preSolution
		Debug|Any CPU = Debug|Any CPU
		Release|Any CPU = Release|Any CPU
	EndGlobalSection
	GlobalSection(ProjectConfigurationPlatforms) = postSolution
		{F6463417-47D8-FF05-6BD3-D67B6D729994}.Debug|Any CPU.ActiveCfg = Debug|Any CPU
		{F6463417-47D8-FF05-6BD3-D67B6D729994}.Debug|Any CPU.Build.0 = Debug|Any CPU
		{F6463417-47D8-FF05-6BD3-D67B6D729994}.Release|Any CPU.ActiveCfg = Release|Any CPU
		{F6463417-47D8-FF05-6BD3-D67B6D729994}.Release|Any CPU.Build.0 = Release|Any CPU
		{A3DA67B7-32E5-0C67-B84E-1F4045B3CA11}.Debug|Any CPU.ActiveCfg = Debug|Any CPU
		{A3DA67B7-32E5-0C67-B84E-1F4045B3CA11}.Debug|Any CPU.Build.0 = Debug|Any CPU
		{A3DA67B7-32E5-0C67-B84E-1F4045B3CA11}.Release|Any CPU.ActiveCfg = Release|Any CPU
		{A3DA67B7-32E5-0C67-B84E-1F4045B3CA11}.Release|Any CPU.Build.0 = Release|Any CPU
	EndGlobalSection
	GlobalSection(SolutionProperties) = preSolution
		HideSolutionNode = FALSE
	EndGlobalSection
EndGlobal
